
Microsoft Visual Studio Solution File, Format Version 12.00
# Visual Studio 14
VisualStudioVersion = 14.0.23107.0
MinimumVisualStudioVersion = 10.0.40219.1
Project("{FAE04EC0-301F-11D3-BF4B-00C04F79EFBC}") = "Task1", "Task1\Task1.csproj", "{E4C42721-441D-4DA0-8B62-E3EEB4ACE153}"
EndProject
Project("{FAE04EC0-301F-11D3-BF4B-00C04F79EFBC}") = "ConsoleDemo", "ConsoleDemo\ConsoleDemo.csproj", "{277335B5-99A9-41D9-A435-72794239BE46}"
EndProject
Project("{FAE04EC0-301F-11D3-BF4B-00C04F79EFBC}") = "Task2", "Task2\Task2.csproj", "{FF399320-F4D3-4644-8233-FB12B7052C14}"
EndProject
Project("{FAE04EC0-301F-11D3-BF4B-00C04F79EFBC}") = "Task3", "Task3\Task3.csproj", "{F3CAFDA2-A7D7-4CCD-8E64-6F6D5293FCB9}"
EndProject
Global
	GlobalSection(SolutionConfigurationPlatforms) = preSolution
		Debug|Any CPU = Debug|Any CPU
		Release|Any CPU = Release|Any CPU
	EndGlobalSection
	GlobalSection(ProjectConfigurationPlatforms) = postSolution
		{E4C42721-441D-4DA0-8B62-E3EEB4ACE153}.Debug|Any CPU.ActiveCfg = Debug|Any CPU
		{E4C42721-441D-4DA0-8B62-E3EEB4ACE153}.Debug|Any CPU.Build.0 = Debug|Any CPU
		{E4C42721-441D-4DA0-8B62-E3EEB4ACE153}.Release|Any CPU.ActiveCfg = Release|Any CPU
		{E4C42721-441D-4DA0-8B62-E3EEB4ACE153}.Release|Any CPU.Build.0 = Release|Any CPU
		{277335B5-99A9-41D9-A435-72794239BE46}.Debug|Any CPU.ActiveCfg = Debug|Any CPU
		{277335B5-99A9-41D9-A435-72794239BE46}.Debug|Any CPU.Build.0 = Debug|Any CPU
		{277335B5-99A9-41D9-A435-72794239BE46}.Release|Any CPU.ActiveCfg = Release|Any CPU
		{277335B5-99A9-41D9-A435-72794239BE46}.Release|Any CPU.Build.0 = Release|Any CPU
		{FF399320-F4D3-4644-8233-FB12B7052C14}.Debug|Any CPU.ActiveCfg = Debug|Any CPU
		{FF399320-F4D3-4644-8233-FB12B7052C14}.Debug|Any CPU.Build.0 = Debug|Any CPU
		{FF399320-F4D3-4644-8233-FB12B7052C14}.Release|Any CPU.ActiveCfg = Release|Any CPU
		{FF399320-F4D3-4644-8233-FB12B7052C14}.Release|Any CPU.Build.0 = Release|Any CPU
		{F3CAFDA2-A7D7-4CCD-8E64-6F6D5293FCB9}.Debug|Any CPU.ActiveCfg = Debug|Any CPU
		{F3CAFDA2-A7D7-4CCD-8E64-6F6D5293FCB9}.Debug|Any CPU.Build.0 = Debug|Any CPU
		{F3CAFDA2-A7D7-4CCD-8E64-6F6D5293FCB9}.Release|Any CPU.ActiveCfg = Release|Any CPU
		{F3CAFDA2-A7D7-4CCD-8E64-6F6D5293FCB9}.Release|Any CPU.Build.0 = Release|Any CPU
	EndGlobalSection
	GlobalSection(SolutionProperties) = preSolution
		HideSolutionNode = FALSE
	EndGlobalSection
EndGlobal
